
Microsoft Visual Studio Solution File, Format Version 12.00
# Visual Studio 15
VisualStudioVersion = 15.0.27703.2026
MinimumVisualStudioVersion = 10.0.40219.1
Project("{FAE04EC0-301F-11D3-BF4B-00C04F79EFBC}") = "Cocomelonracer", "Cocomelonracer\Cocomelonracer.csproj", "{2E90D752-6CF3-4FB8-99B8-834F0F674DEB}"
EndProject
Global
	GlobalSection(SolutionConfigurationPlatforms) = preSolution
		Debug|Any CPU = Debug|Any CPU
		Release|Any CPU = Release|Any CPU
	EndGlobalSection
	GlobalSection(ProjectConfigurationPlatforms) = postSolution
		{2E90D752-6CF3-4FB8-99B8-834F0F674DEB}.Debug|Any CPU.ActiveCfg = Debug|Any CPU
		{2E90D752-6CF3-4FB8-99B8-834F0F674DEB}.Debug|Any CPU.Build.0 = Debug|Any CPU
		{2E90D752-6CF3-4FB8-99B8-834F0F674DEB}.Release|Any CPU.ActiveCfg = Release|Any CPU
		{2E90D752-6CF3-4FB8-99B8-834F0F674DEB}.Release|Any CPU.Build.0 = Release|Any CPU
	EndGlobalSection
	GlobalSection(SolutionProperties) = preSolution
		HideSolutionNode = FALSE
	EndGlobalSection
	GlobalSection(ExtensibilityGlobals) = postSolution
		SolutionGuid = {EC88D7FA-80B7-4650-9C01-890D43C92167}
	EndGlobalSection
EndGlobal
